
Microsoft Visual Studio Solution File, Format Version 10.00
# Visual Studio 2008
Project("{E24C65DC-7377-472B-9ABA-BC803B73C61A}") = "CmsPlus", "http://localhost/CmsPlus", "{B9169EBA-92CE-45A3-A8E1-FF90DDB5B203}"
	ProjectSection(WebsiteProperties) = preProject
		TargetFramework = "3.5"
		Debug.AspNetCompiler.VirtualPath = "/CmsPlus"
		Debug.AspNetCompiler.PhysicalPath = "D:\Projects\CMSPlus\trunk\Site\"
		Debug.AspNetCompiler.TargetPath = "PrecompiledWeb\CmsPlus\"
		Debug.AspNetCompiler.Updateable = "true"
		Debug.AspNetCompiler.ForceOverwrite = "true"
		Debug.AspNetCompiler.FixedNames = "false"
		Debug.AspNetCompiler.Debug = "True"
		Release.AspNetCompiler.VirtualPath = "/CmsPlus"
		Release.AspNetCompiler.PhysicalPath = "D:\Projects\CMSPlus\trunk\Site\"
		Release.AspNetCompiler.TargetPath = "PrecompiledWeb\CmsPlus\"
		Release.AspNetCompiler.Updateable = "true"
		Release.AspNetCompiler.ForceOverwrite = "true"
		Release.AspNetCompiler.FixedNames = "false"
		Release.AspNetCompiler.Debug = "False"
		SlnRelativePath = "D:\Projects\CMSPlus\trunk\Site\"
	EndProjectSection
EndProject
Global
	GlobalSection(SolutionConfigurationPlatforms) = preSolution
		Debug|.NET = Debug|.NET
	EndGlobalSection
	GlobalSection(ProjectConfigurationPlatforms) = postSolution
		{B9169EBA-92CE-45A3-A8E1-FF90DDB5B203}.Debug|.NET.ActiveCfg = Debug|.NET
		{B9169EBA-92CE-45A3-A8E1-FF90DDB5B203}.Debug|.NET.Build.0 = Debug|.NET
	EndGlobalSection
	GlobalSection(SolutionProperties) = preSolution
		HideSolutionNode = FALSE
	EndGlobalSection
EndGlobal
